{
    "_readme": [
        "This file locks the dependencies of your project to a known state",
        "Read more about it at https://getcomposer.org/doc/01-basic-usage.md#installing-dependencies",
        "This file is @generated automatically"
    ],
    "content-hash": "424487511e3c56a54f9091c88c960899",
    "packages": [
        {
            "name": "jpush/jpush",
            "version": "dev-master",
            "source": {
                "type": "git",
                "url": "https://github.com/jpush/jpush-api-php-client.git",
                "reference": "aef95c05e05b9ec8e4ae5b6622feda00acc55db6"
            },
            "dist": {
                "type": "zip",
                "url": "https://files.phpcomposer.com/files/jpush/jpush-api-php-client/aef95c05e05b9ec8e4ae5b6622feda00acc55db6.zip",
                "reference": "aef95c05e05b9ec8e4ae5b6622feda00acc55db6",
                "shasum": ""
            },
            "require": {
                "ext-curl": "*",
                "php": ">=5.3.3"
            },
            "require-dev": {
                "phpunit/phpunit": "*"
            },
            "type": "library",
            "autoload": {
                "psr-4": {
                    "JPush\\": "src/JPush/"
                }
            },
            "notification-url": "https://packagist.org/downloads/",
            "license": [
                "MIT"
            ],
            "authors": [
                {
                    "name": "JPush",
                    "email": "support@jpush.cn",
                    "homepage": "https://www.jpush.cn/",
                    "role": "Developer"
                }
            ],
            "description": "JPush API PHP Client",
            "homepage": "https://github.com/jpush/jpush-api-php-client",
            "time": "2018-06-19T02:57:16+00:00"
        }
    ],
    "packages-dev": [],
    "aliases": [],
    "minimum-stability": "dev",
    "stability-flags": {
        "jpush/jpush": 20
    },
    "prefer-stable": false,
    "prefer-lowest": false,
    "platform": {
        "php": ">=5.6"
    },
    "platform-dev": {
        "php": ">=5.6"
    }
}
